
Microsoft Visual Studio Solution File, Format Version 12.00
# Visual Studio Version 17
VisualStudioVersion = 17.12.35728.132
MinimumVisualStudioVersion = 10.0.40219.1
Project("{FAE04EC0-301F-11D3-BF4B-00C04F79EFBC}") = "Task_1", "Task_1\Task_1.csproj", "{E6775FF9-CA60-426E-BE72-680882094812}"
EndProject
Project("{FAE04EC0-301F-11D3-BF4B-00C04F79EFBC}") = "Task_2", "Task_2\Task_2.csproj", "{A9A0BF48-BE7C-4D3E-900C-B681A4980A02}"
EndProject
Project("{FAE04EC0-301F-11D3-BF4B-00C04F79EFBC}") = "Task_3", "Task_3\Task_3.csproj", "{960546EA-623F-4389-91E1-979E5A9AE64D}"
EndProject
Project("{FAE04EC0-301F-11D3-BF4B-00C04F79EFBC}") = "Task_4", "Task_4\Task_4.csproj", "{7E093FDD-F47A-4332-A60C-573B093C8C02}"
EndProject
Project("{FAE04EC0-301F-11D3-BF4B-00C04F79EFBC}") = "Task_5", "Task_5\Task_5.csproj", "{AB8C172B-7D7D-469D-B997-CA2B46F8C486}"
EndProject
Project("{FAE04EC0-301F-11D3-BF4B-00C04F79EFBC}") = "Task_6", "Task_6\Task_6.csproj", "{F14E0F5F-8867-49CD-84B5-8366FFA81AF4}"
EndProject
Project("{FAE04EC0-301F-11D3-BF4B-00C04F79EFBC}") = "Task_7", "Task_7\Task_7.csproj", "{B7EA520A-1BB7-406D-8E2C-5E063A86A2E6}"
EndProject
Project("{FAE04EC0-301F-11D3-BF4B-00C04F79EFBC}") = "Task_8", "Task_8\Task_8.csproj", "{817B5C35-BF1B-4870-9960-9CA9C7031251}"
EndProject
Project("{FAE04EC0-301F-11D3-BF4B-00C04F79EFBC}") = "Task_9", "Task_9\Task_9.csproj", "{3EF3F49F-8E24-4299-BA94-A8772FB757A1}"
EndProject
Project("{FAE04EC0-301F-11D3-BF4B-00C04F79EFBC}") = "Task_10", "Task_10\Task_10.csproj", "{BD5BC9D6-59DC-4BA6-B303-A757E22F909B}"
EndProject
Project("{FAE04EC0-301F-11D3-BF4B-00C04F79EFBC}") = "Task_11", "Task_11\Task_11.csproj", "{D41B52B7-1CA3-4CC8-B81B-C5D919490192}"
EndProject
Project("{FAE04EC0-301F-11D3-BF4B-00C04F79EFBC}") = "Task_12", "Task_12\Task_12.csproj", "{1F42C059-7369-4550-8AF3-D998111F76C7}"
EndProject
Project("{FAE04EC0-301F-11D3-BF4B-00C04F79EFBC}") = "Task_13", "Task_13\Task_13.csproj", "{66EBD31E-ACCA-4657-80C4-B0879ED6EA1E}"
EndProject
Project("{FAE04EC0-301F-11D3-BF4B-00C04F79EFBC}") = "Task_14", "Task_14\Task_14.csproj", "{B86A6ED2-3B2F-4200-94E9-685EE5B85043}"
EndProject
Project("{FAE04EC0-301F-11D3-BF4B-00C04F79EFBC}") = "Task_15", "Task_15\Task_15.csproj", "{197A79EE-EA40-45FB-94D2-C52FE25336BF}"
EndProject
Project("{FAE04EC0-301F-11D3-BF4B-00C04F79EFBC}") = "Task_16", "Task_16\Task_16.csproj", "{589FC070-F1CB-4D15-9ABD-C033704BD3D2}"
EndProject
Global
	GlobalSection(SolutionConfigurationPlatforms) = preSolution
		Debug|Any CPU = Debug|Any CPU
		Release|Any CPU = Release|Any CPU
	EndGlobalSection
	GlobalSection(ProjectConfigurationPlatforms) = postSolution
		{E6775FF9-CA60-426E-BE72-680882094812}.Debug|Any CPU.ActiveCfg = Debug|Any CPU
		{E6775FF9-CA60-426E-BE72-680882094812}.Debug|Any CPU.Build.0 = Debug|Any CPU
		{E6775FF9-CA60-426E-BE72-680882094812}.Release|Any CPU.ActiveCfg = Release|Any CPU
		{E6775FF9-CA60-426E-BE72-680882094812}.Release|Any CPU.Build.0 = Release|Any CPU
		{A9A0BF48-BE7C-4D3E-900C-B681A4980A02}.Debug|Any CPU.ActiveCfg = Debug|Any CPU
		{A9A0BF48-BE7C-4D3E-900C-B681A4980A02}.Debug|Any CPU.Build.0 = Debug|Any CPU
		{A9A0BF48-BE7C-4D3E-900C-B681A4980A02}.Release|Any CPU.ActiveCfg = Release|Any CPU
		{A9A0BF48-BE7C-4D3E-900C-B681A4980A02}.Release|Any CPU.Build.0 = Release|Any CPU
		{960546EA-623F-4389-91E1-979E5A9AE64D}.Debug|Any CPU.ActiveCfg = Debug|Any CPU
		{960546EA-623F-4389-91E1-979E5A9AE64D}.Debug|Any CPU.Build.0 = Debug|Any CPU
		{960546EA-623F-4389-91E1-979E5A9AE64D}.Release|Any CPU.ActiveCfg = Release|Any CPU
		{960546EA-623F-4389-91E1-979E5A9AE64D}.Release|Any CPU.Build.0 = Release|Any CPU
		{7E093FDD-F47A-4332-A60C-573B093C8C02}.Debug|Any CPU.ActiveCfg = Debug|Any CPU
		{7E093FDD-F47A-4332-A60C-573B093C8C02}.Debug|Any CPU.Build.0 = Debug|Any CPU
		{7E093FDD-F47A-4332-A60C-573B093C8C02}.Release|Any CPU.ActiveCfg = Release|Any CPU
		{7E093FDD-F47A-4332-A60C-573B093C8C02}.Release|Any CPU.Build.0 = Release|Any CPU
		{AB8C172B-7D7D-469D-B997-CA2B46F8C486}.Debug|Any CPU.ActiveCfg = Debug|Any CPU
		{AB8C172B-7D7D-469D-B997-CA2B46F8C486}.Debug|Any CPU.Build.0 = Debug|Any CPU
		{AB8C172B-7D7D-469D-B997-CA2B46F8C486}.Release|Any CPU.ActiveCfg = Release|Any CPU
		{AB8C172B-7D7D-469D-B997-CA2B46F8C486}.Release|Any CPU.Build.0 = Release|Any CPU
		{F14E0F5F-8867-49CD-84B5-8366FFA81AF4}.Debug|Any CPU.ActiveCfg = Debug|Any CPU
		{F14E0F5F-8867-49CD-84B5-8366FFA81AF4}.Debug|Any CPU.Build.0 = Debug|Any CPU
		{F14E0F5F-8867-49CD-84B5-8366FFA81AF4}.Release|Any CPU.ActiveCfg = Release|Any CPU
		{F14E0F5F-8867-49CD-84B5-8366FFA81AF4}.Release|Any CPU.Build.0 = Release|Any CPU
		{B7EA520A-1BB7-406D-8E2C-5E063A86A2E6}.Debug|Any CPU.ActiveCfg = Debug|Any CPU
		{B7EA520A-1BB7-406D-8E2C-5E063A86A2E6}.Debug|Any CPU.Build.0 = Debug|Any CPU
		{B7EA520A-1BB7-406D-8E2C-5E063A86A2E6}.Release|Any CPU.ActiveCfg = Release|Any CPU
		{B7EA520A-1BB7-406D-8E2C-5E063A86A2E6}.Release|Any CPU.Build.0 = Release|Any CPU
		{817B5C35-BF1B-4870-9960-9CA9C7031251}.Debug|Any CPU.ActiveCfg = Debug|Any CPU
		{817B5C35-BF1B-4870-9960-9CA9C7031251}.Debug|Any CPU.Build.0 = Debug|Any CPU
		{817B5C35-BF1B-4870-9960-9CA9C7031251}.Release|Any CPU.ActiveCfg = Release|Any CPU
		{817B5C35-BF1B-4870-9960-9CA9C7031251}.Release|Any CPU.Build.0 = Release|Any CPU
		{3EF3F49F-8E24-4299-BA94-A8772FB757A1}.Debug|Any CPU.ActiveCfg = Debug|Any CPU
		{3EF3F49F-8E24-4299-BA94-A8772FB757A1}.Debug|Any CPU.Build.0 = Debug|Any CPU
		{3EF3F49F-8E24-4299-BA94-A8772FB757A1}.Release|Any CPU.ActiveCfg = Release|Any CPU
		{3EF3F49F-8E24-4299-BA94-A8772FB757A1}.Release|Any CPU.Build.0 = Release|Any CPU
		{BD5BC9D6-59DC-4BA6-B303-A757E22F909B}.Debug|Any CPU.ActiveCfg = Debug|Any CPU
		{BD5BC9D6-59DC-4BA6-B303-A757E22F909B}.Debug|Any CPU.Build.0 = Debug|Any CPU
		{BD5BC9D6-59DC-4BA6-B303-A757E22F909B}.Release|Any CPU.ActiveCfg = Release|Any CPU
		{BD5BC9D6-59DC-4BA6-B303-A757E22F909B}.Release|Any CPU.Build.0 = Release|Any CPU
		{D41B52B7-1CA3-4CC8-B81B-C5D919490192}.Debug|Any CPU.ActiveCfg = Debug|Any CPU
		{D41B52B7-1CA3-4CC8-B81B-C5D919490192}.Debug|Any CPU.Build.0 = Debug|Any CPU
		{D41B52B7-1CA3-4CC8-B81B-C5D919490192}.Release|Any CPU.ActiveCfg = Release|Any CPU
		{D41B52B7-1CA3-4CC8-B81B-C5D919490192}.Release|Any CPU.Build.0 = Release|Any CPU
		{1F42C059-7369-4550-8AF3-D998111F76C7}.Debug|Any CPU.ActiveCfg = Debug|Any CPU
		{1F42C059-7369-4550-8AF3-D998111F76C7}.Debug|Any CPU.Build.0 = Debug|Any CPU
		{1F42C059-7369-4550-8AF3-D998111F76C7}.Release|Any CPU.ActiveCfg = Release|Any CPU
		{1F42C059-7369-4550-8AF3-D998111F76C7}.Release|Any CPU.Build.0 = Release|Any CPU
		{66EBD31E-ACCA-4657-80C4-B0879ED6EA1E}.Debug|Any CPU.ActiveCfg = Debug|Any CPU
		{66EBD31E-ACCA-4657-80C4-B0879ED6EA1E}.Debug|Any CPU.Build.0 = Debug|Any CPU
		{66EBD31E-ACCA-4657-80C4-B0879ED6EA1E}.Release|Any CPU.ActiveCfg = Release|Any CPU
		{66EBD31E-ACCA-4657-80C4-B0879ED6EA1E}.Release|Any CPU.Build.0 = Release|Any CPU
		{B86A6ED2-3B2F-4200-94E9-685EE5B85043}.Debug|Any CPU.ActiveCfg = Debug|Any CPU
		{B86A6ED2-3B2F-4200-94E9-685EE5B85043}.Debug|Any CPU.Build.0 = Debug|Any CPU
		{B86A6ED2-3B2F-4200-94E9-685EE5B85043}.Release|Any CPU.ActiveCfg = Release|Any CPU
		{B86A6ED2-3B2F-4200-94E9-685EE5B85043}.Release|Any CPU.Build.0 = Release|Any CPU
		{197A79EE-EA40-45FB-94D2-C52FE25336BF}.Debug|Any CPU.ActiveCfg = Debug|Any CPU
		{197A79EE-EA40-45FB-94D2-C52FE25336BF}.Debug|Any CPU.Build.0 = Debug|Any CPU
		{197A79EE-EA40-45FB-94D2-C52FE25336BF}.Release|Any CPU.ActiveCfg = Release|Any CPU
		{197A79EE-EA40-45FB-94D2-C52FE25336BF}.Release|Any CPU.Build.0 = Release|Any CPU
		{589FC070-F1CB-4D15-9ABD-C033704BD3D2}.Debug|Any CPU.ActiveCfg = Debug|Any CPU
		{589FC070-F1CB-4D15-9ABD-C033704BD3D2}.Debug|Any CPU.Build.0 = Debug|Any CPU
		{589FC070-F1CB-4D15-9ABD-C033704BD3D2}.Release|Any CPU.ActiveCfg = Release|Any CPU
		{589FC070-F1CB-4D15-9ABD-C033704BD3D2}.Release|Any CPU.Build.0 = Release|Any CPU
	EndGlobalSection
	GlobalSection(SolutionProperties) = preSolution
		HideSolutionNode = FALSE
	EndGlobalSection
EndGlobal
