
Microsoft Visual Studio Solution File, Format Version 12.00
# Visual Studio Version 17
VisualStudioVersion = 17.13.35828.75 d17.13
MinimumVisualStudioVersion = 10.0.40219.1
Project("{FAE04EC0-301F-11D3-BF4B-00C04F79EFBC}") = "Task_1", "Task_1\Task_1.csproj", "{BA01C3D1-41B5-4FF9-9015-F5D13006387E}"
EndProject
Project("{FAE04EC0-301F-11D3-BF4B-00C04F79EFBC}") = "Task_2", "Task_2\Task_2.csproj", "{676252A6-02DD-4CA6-AD12-D00A83633D9C}"
EndProject
Project("{FAE04EC0-301F-11D3-BF4B-00C04F79EFBC}") = "Task_3", "Task_3\Task_3.csproj", "{4721236B-EB79-4A27-80A8-866814BF34F5}"
EndProject
Project("{FAE04EC0-301F-11D3-BF4B-00C04F79EFBC}") = "Task_4", "Task_4\Task_4.csproj", "{3082127B-D9F4-4904-9CAD-35BC8F8BB57B}"
EndProject
Project("{FAE04EC0-301F-11D3-BF4B-00C04F79EFBC}") = "Task_5", "Task_5\Task_5.csproj", "{BA4F5F86-2439-43B6-938C-D56D2C83AD7B}"
EndProject
Global
	GlobalSection(SolutionConfigurationPlatforms) = preSolution
		Debug|Any CPU = Debug|Any CPU
		Release|Any CPU = Release|Any CPU
	EndGlobalSection
	GlobalSection(ProjectConfigurationPlatforms) = postSolution
		{BA01C3D1-41B5-4FF9-9015-F5D13006387E}.Debug|Any CPU.ActiveCfg = Debug|Any CPU
		{BA01C3D1-41B5-4FF9-9015-F5D13006387E}.Debug|Any CPU.Build.0 = Debug|Any CPU
		{BA01C3D1-41B5-4FF9-9015-F5D13006387E}.Release|Any CPU.ActiveCfg = Release|Any CPU
		{BA01C3D1-41B5-4FF9-9015-F5D13006387E}.Release|Any CPU.Build.0 = Release|Any CPU
		{676252A6-02DD-4CA6-AD12-D00A83633D9C}.Debug|Any CPU.ActiveCfg = Debug|Any CPU
		{676252A6-02DD-4CA6-AD12-D00A83633D9C}.Debug|Any CPU.Build.0 = Debug|Any CPU
		{676252A6-02DD-4CA6-AD12-D00A83633D9C}.Release|Any CPU.ActiveCfg = Release|Any CPU
		{676252A6-02DD-4CA6-AD12-D00A83633D9C}.Release|Any CPU.Build.0 = Release|Any CPU
		{4721236B-EB79-4A27-80A8-866814BF34F5}.Debug|Any CPU.ActiveCfg = Debug|Any CPU
		{4721236B-EB79-4A27-80A8-866814BF34F5}.Debug|Any CPU.Build.0 = Debug|Any CPU
		{4721236B-EB79-4A27-80A8-866814BF34F5}.Release|Any CPU.ActiveCfg = Release|Any CPU
		{4721236B-EB79-4A27-80A8-866814BF34F5}.Release|Any CPU.Build.0 = Release|Any CPU
		{3082127B-D9F4-4904-9CAD-35BC8F8BB57B}.Debug|Any CPU.ActiveCfg = Debug|Any CPU
		{3082127B-D9F4-4904-9CAD-35BC8F8BB57B}.Debug|Any CPU.Build.0 = Debug|Any CPU
		{3082127B-D9F4-4904-9CAD-35BC8F8BB57B}.Release|Any CPU.ActiveCfg = Release|Any CPU
		{3082127B-D9F4-4904-9CAD-35BC8F8BB57B}.Release|Any CPU.Build.0 = Release|Any CPU
		{BA4F5F86-2439-43B6-938C-D56D2C83AD7B}.Debug|Any CPU.ActiveCfg = Debug|Any CPU
		{BA4F5F86-2439-43B6-938C-D56D2C83AD7B}.Debug|Any CPU.Build.0 = Debug|Any CPU
		{BA4F5F86-2439-43B6-938C-D56D2C83AD7B}.Release|Any CPU.ActiveCfg = Release|Any CPU
		{BA4F5F86-2439-43B6-938C-D56D2C83AD7B}.Release|Any CPU.Build.0 = Release|Any CPU
	EndGlobalSection
	GlobalSection(SolutionProperties) = preSolution
		HideSolutionNode = FALSE
	EndGlobalSection
	GlobalSection(ExtensibilityGlobals) = postSolution
		SolutionGuid = {3277076D-F256-4734-8CC0-7C8D1B5980EC}
	EndGlobalSection
EndGlobal
